<?xml version="1.0" encoding="utf-8"?>
<Project ToolsVersion="4.0" xmlns="http://schemas.microsoft.com/developer/msbuild/2003">
  <ItemGroup>
    <Filter Include="Quelldateien">
      <UniqueIdentifier>{4FC737F1-C7A5-4376-A066-2A32D752A2FF}</UniqueIdentifier>
      <Extensions>cpp;c;cc;cxx;def;odl;idl;hpj;bat;asm;asmx</Extensions>
    </Filter>
    <Filter Include="Headerdateien">
      <UniqueIdentifier>{93995380-89BD-4b04-88EB-625FBE52EBFB}</UniqueIdentifier>
      <Extensions>h;hh;hpp;hxx;hm;inl;inc;ipp;xsd</Extensions>
    </Filter>
    <Filter Include="Ressourcendateien">
      <UniqueIdentifier>{67DA6AB6-F800-4c08-8B7A-83BB121AAD01}</UniqueIdentifier>
      <Extensions>rc;ico;cur;bmp;dlg;rc2;rct;bin;rgs;gif;jpg;jpeg;jpe;resx;tiff;tif;png;wav;mfcribbon-ms</Extensions>
    </Filter>
  </ItemGroup>
  <ItemGroup>
    <ClCompile Include="src\glad.c">
      <Filter>Quelldateien</Filter>
    </ClCompile>
    <ClCompile Include="src\glad_wgl.c">
      <Filter>Quelldateien</Filter>
    </ClCompile>
    <ClCompile Include="src\main.cpp">
      <Filter>Quelldateien</Filter>
    </ClCompile>
    <ClCompile Include="src\platform\Win32\win32_window.cpp">
      <Filter>Quelldateien</Filter>
    </ClCompile>
    <ClCompile Include="src\platform\Win32\win32_clock.cpp">
      <Filter>Quelldateien</Filter>
    </ClCompile>
    <ClCompile Include="src\platform\opengl\opengl_renderer.cpp">
      <Filter>Quelldateien</Filter>
    </ClCompile>
    <ClCompile Include="src\platform\opengl\opengl_vertexbuffer.cpp">
      <Filter>Quelldateien</Filter>
    </ClCompile>
    <ClCompile Include="src\platform\opengl\opengl_shader.cpp">
      <Filter>Quelldateien</Filter>
    </ClCompile>
    <ClCompile Include="src\platform\opengl\opengl_vertexarray.cpp">
      <Filter>Quelldateien</Filter>
    </ClCompile>
    <ClCompile Include="src\platform\xaudio2\xaudio2_audio.cpp">
      <Filter>Quelldateien</Filter>
    </ClCompile>
    <ClCompile Include="src\platform\Win32\win32_file.cpp">
      <Filter>Quelldateien</Filter>
    </ClCompile>
    <ClCompile Include="src\math\matrix4x4.cpp">
      <Filter>Quelldateien</Filter>
    </ClCompile>
    <ClCompile Include="src\math\matrix3x3.cpp">
      <Filter>Quelldateien</Filter>
    </ClCompile>
    <ClCompile Include="src\vertexbufferlayout.cpp">
      <Filter>Quelldateien</Filter>
    </ClCompile>
    <ClCompile Include="src\input.cpp">
      <Filter>Quelldateien</Filter>
    </ClCompile>
    <ClCompile Include="src\math\vec2.cpp">
      <Filter>Quelldateien</Filter>
    </ClCompile>
    <ClCompile Include="src\platform\opengl\opengl_texture.cpp">
      <Filter>Quelldateien</Filter>
    </ClCompile>
    <ClCompile Include="src\sprite.cpp">
      <Filter>Quelldateien</Filter>
    </ClCompile>
    <ClCompile Include="src\math\random.cpp">
      <Filter>Quelldateien</Filter>
    </ClCompile>
    <ClCompile Include="src\platform\Win32\kswindows.cpp">
      <Filter>Quelldateien</Filter>
    </ClCompile>
    <ClCompile Include="src\font.cpp">
      <Filter>Quelldateien</Filter>
    </ClCompile>
    <ClCompile Include="src\color.cpp">
      <Filter>Quelldateien</Filter>
    </ClCompile>
    <ClCompile Include="src\platform\renderer.cpp">
      <Filter>Quelldateien</Filter>
    </ClCompile>
    <ClCompile Include="src\math\math.cpp">
      <Filter>Quelldateien</Filter>
    </ClCompile>
    <ClCompile Include="src\string.cpp">
      <Filter>Quelldateien</Filter>
    </ClCompile>
  </ItemGroup>
  <ItemGroup>
    <ClInclude Include="include\glad\glad.h">
      <Filter>Headerdateien</Filter>
    </ClInclude>
    <ClInclude Include="include\KHR\khrplatform.h">
      <Filter>Headerdateien</Filter>
    </ClInclude>
    <ClInclude Include="include\glad\glad_wgl.h">
      <Filter>Headerdateien</Filter>
    </ClInclude>
    <ClInclude Include="src\platform\window.h">
      <Filter>Headerdateien</Filter>
    </ClInclude>
    <ClInclude Include="src\platform\clock.h">
      <Filter>Headerdateien</Filter>
    </ClInclude>
    <ClInclude Include="src\platform\types.h">
      <Filter>Headerdateien</Filter>
    </ClInclude>
    <ClInclude Include="src\platform\Win32\kswindows.h">
      <Filter>Headerdateien</Filter>
    </ClInclude>
    <ClInclude Include="src\platform\renderer.h">
      <Filter>Headerdateien</Filter>
    </ClInclude>
    <ClInclude Include="src\platform\vertexarray.h">
      <Filter>Headerdateien</Filter>
    </ClInclude>
    <ClInclude Include="src\platform\vertexbuffer.h">
      <Filter>Headerdateien</Filter>
    </ClInclude>
    <ClInclude Include="src\platform\shader.h">
      <Filter>Headerdateien</Filter>
    </ClInclude>
    <ClInclude Include="src\platform\audio.h">
      <Filter>Headerdateien</Filter>
    </ClInclude>
    <ClInclude Include="src\platform\file.h">
      <Filter>Headerdateien</Filter>
    </ClInclude>
    <ClInclude Include="src\math\matrix3x3.h">
      <Filter>Headerdateien</Filter>
    </ClInclude>
    <ClInclude Include="src\math\matrix4x4.h">
      <Filter>Headerdateien</Filter>
    </ClInclude>
    <ClInclude Include="src\vertexbufferlayout.h">
      <Filter>Headerdateien</Filter>
    </ClInclude>
    <ClInclude Include="src\platform\keycodes.h">
      <Filter>Headerdateien</Filter>
    </ClInclude>
    <ClInclude Include="src\platform\Win32\win32_keycodes.h">
      <Filter>Headerdateien</Filter>
    </ClInclude>
    <ClInclude Include="src\input.h">
      <Filter>Headerdateien</Filter>
    </ClInclude>
    <ClInclude Include="src\math\vec2.h">
      <Filter>Headerdateien</Filter>
    </ClInclude>
    <ClInclude Include="src\color.h">
      <Filter>Headerdateien</Filter>
    </ClInclude>
    <ClInclude Include="src\platform\texture.h">
      <Filter>Headerdateien</Filter>
    </ClInclude>
    <ClInclude Include="vendor\stb\stb_image.h">
      <Filter>Headerdateien</Filter>
    </ClInclude>
    <ClInclude Include="src\sprite.h">
      <Filter>Headerdateien</Filter>
    </ClInclude>
    <ClInclude Include="src\data_structures\dynamic_array.h">
      <Filter>Headerdateien</Filter>
    </ClInclude>
    <ClInclude Include="src\math\random.h">
      <Filter>Headerdateien</Filter>
    </ClInclude>
    <ClInclude Include="vendor\stb\stb_truetype.h">
      <Filter>Headerdateien</Filter>
    </ClInclude>
    <ClInclude Include="src\data_structures\fixed_array.h">
      <Filter>Headerdateien</Filter>
    </ClInclude>
    <ClInclude Include="src\font.h">
      <Filter>Headerdateien</Filter>
    </ClInclude>
    <ClInclude Include="src\math\math.h">
      <Filter>Headerdateien</Filter>
    </ClInclude>
    <ClInclude Include="src\string.h">
      <Filter>Headerdateien</Filter>
    </ClInclude>
  </ItemGroup>
</Project>